
Microsoft Visual Studio Solution File, Format Version 12.00
# Visual Studio Express 2012 for Windows Desktop
Project("{FAE04EC0-301F-11D3-BF4B-00C04F79EFBC}") = "Harvester2_RFTS", "Harvester2_RFTS.csproj", "{3B55CEE8-7A8C-4E75-AEEE-D61C91A425E9}"
EndProject
Global
	GlobalSection(SolutionConfigurationPlatforms) = preSolution
		Debug|x86 = Debug|x86
		Release|x86 = Release|x86
	EndGlobalSection
	GlobalSection(ProjectConfigurationPlatforms) = postSolution
		{3B55CEE8-7A8C-4E75-AEEE-D61C91A425E9}.Debug|x86.ActiveCfg = Debug|x86
		{3B55CEE8-7A8C-4E75-AEEE-D61C91A425E9}.Debug|x86.Build.0 = Debug|x86
		{3B55CEE8-7A8C-4E75-AEEE-D61C91A425E9}.Release|x86.ActiveCfg = Release|x86
		{3B55CEE8-7A8C-4E75-AEEE-D61C91A425E9}.Release|x86.Build.0 = Release|x86
	EndGlobalSection
	GlobalSection(SolutionProperties) = preSolution
		HideSolutionNode = FALSE
	EndGlobalSection
EndGlobal
