
Microsoft Visual Studio Solution File, Format Version 12.00
# Visual Studio Express 2012 for Windows Desktop
Project("{FAE04EC0-301F-11D3-BF4B-00C04F79EFBC}") = "Harvester2_RFTS", "Harvester2_RFTS.csproj", "{3B55CEE8-7A8C-4E75-AEEE-D61C91A425E9}"
EndProject
Project("{FAE04EC0-301F-11D3-BF4B-00C04F79EFBC}") = "HEdit", "..\HEdit\HEdit\HEdit.csproj", "{787D3469-7A68-43F3-B4F3-B17EDBC906B8}"
EndProject
Project("{FAE04EC0-301F-11D3-BF4B-00C04F79EFBC}") = "Transfer", "..\Transfer\Transfer.csproj", "{9F0D650B-9128-41E8-95DD-144FBC479BFF}"
EndProject
Global
	GlobalSection(SolutionConfigurationPlatforms) = preSolution
		Debug|Any CPU = Debug|Any CPU
		Debug|Mixed Platforms = Debug|Mixed Platforms
		Debug|x86 = Debug|x86
		Release|Any CPU = Release|Any CPU
		Release|Mixed Platforms = Release|Mixed Platforms
		Release|x86 = Release|x86
	EndGlobalSection
	GlobalSection(ProjectConfigurationPlatforms) = postSolution
		{3B55CEE8-7A8C-4E75-AEEE-D61C91A425E9}.Debug|Any CPU.ActiveCfg = Debug|x86
		{3B55CEE8-7A8C-4E75-AEEE-D61C91A425E9}.Debug|Mixed Platforms.ActiveCfg = Debug|x86
		{3B55CEE8-7A8C-4E75-AEEE-D61C91A425E9}.Debug|Mixed Platforms.Build.0 = Debug|x86
		{3B55CEE8-7A8C-4E75-AEEE-D61C91A425E9}.Debug|x86.ActiveCfg = Debug|x86
		{3B55CEE8-7A8C-4E75-AEEE-D61C91A425E9}.Debug|x86.Build.0 = Debug|x86
		{3B55CEE8-7A8C-4E75-AEEE-D61C91A425E9}.Release|Any CPU.ActiveCfg = Release|x86
		{3B55CEE8-7A8C-4E75-AEEE-D61C91A425E9}.Release|Mixed Platforms.ActiveCfg = Release|x86
		{3B55CEE8-7A8C-4E75-AEEE-D61C91A425E9}.Release|Mixed Platforms.Build.0 = Release|x86
		{3B55CEE8-7A8C-4E75-AEEE-D61C91A425E9}.Release|x86.ActiveCfg = Release|x86
		{3B55CEE8-7A8C-4E75-AEEE-D61C91A425E9}.Release|x86.Build.0 = Release|x86
		{787D3469-7A68-43F3-B4F3-B17EDBC906B8}.Debug|Any CPU.ActiveCfg = Debug|x86
		{787D3469-7A68-43F3-B4F3-B17EDBC906B8}.Debug|Mixed Platforms.ActiveCfg = Debug|x86
		{787D3469-7A68-43F3-B4F3-B17EDBC906B8}.Debug|Mixed Platforms.Build.0 = Debug|x86
		{787D3469-7A68-43F3-B4F3-B17EDBC906B8}.Debug|x86.ActiveCfg = Debug|x86
		{787D3469-7A68-43F3-B4F3-B17EDBC906B8}.Debug|x86.Build.0 = Debug|x86
		{787D3469-7A68-43F3-B4F3-B17EDBC906B8}.Release|Any CPU.ActiveCfg = Release|x86
		{787D3469-7A68-43F3-B4F3-B17EDBC906B8}.Release|Mixed Platforms.ActiveCfg = Release|x86
		{787D3469-7A68-43F3-B4F3-B17EDBC906B8}.Release|Mixed Platforms.Build.0 = Release|x86
		{787D3469-7A68-43F3-B4F3-B17EDBC906B8}.Release|x86.ActiveCfg = Release|x86
		{787D3469-7A68-43F3-B4F3-B17EDBC906B8}.Release|x86.Build.0 = Release|x86
		{9F0D650B-9128-41E8-95DD-144FBC479BFF}.Debug|Any CPU.ActiveCfg = Debug|Any CPU
		{9F0D650B-9128-41E8-95DD-144FBC479BFF}.Debug|Any CPU.Build.0 = Debug|Any CPU
		{9F0D650B-9128-41E8-95DD-144FBC479BFF}.Debug|Mixed Platforms.ActiveCfg = Debug|Any CPU
		{9F0D650B-9128-41E8-95DD-144FBC479BFF}.Debug|Mixed Platforms.Build.0 = Debug|Any CPU
		{9F0D650B-9128-41E8-95DD-144FBC479BFF}.Debug|x86.ActiveCfg = Debug|Any CPU
		{9F0D650B-9128-41E8-95DD-144FBC479BFF}.Release|Any CPU.ActiveCfg = Release|Any CPU
		{9F0D650B-9128-41E8-95DD-144FBC479BFF}.Release|Any CPU.Build.0 = Release|Any CPU
		{9F0D650B-9128-41E8-95DD-144FBC479BFF}.Release|Mixed Platforms.ActiveCfg = Release|Any CPU
		{9F0D650B-9128-41E8-95DD-144FBC479BFF}.Release|Mixed Platforms.Build.0 = Release|Any CPU
		{9F0D650B-9128-41E8-95DD-144FBC479BFF}.Release|x86.ActiveCfg = Release|Any CPU
	EndGlobalSection
	GlobalSection(SolutionProperties) = preSolution
		HideSolutionNode = FALSE
	EndGlobalSection
EndGlobal
